
Microsoft Visual Studio Solution File, Format Version 12.00
# Visual Studio Version 17
VisualStudioVersion = 17.0.31903.59
MinimumVisualStudioVersion = 10.0.40219.1
Project("{2150E333-8FDC-42A3-9474-1A3956D46DE8}") = "Core", "Core", "{FBF56CC3-7AE6-AD2D-3F14-7F97FD322CD6}"
EndProject
Project("{FAE04EC0-301F-11D3-BF4B-00C04F79EFBC}") = "MiBiblioteca.Domain", "Core\MiBiblioteca.Domain\MiBiblioteca.Domain.csproj", "{BE47127B-D09D-45CF-B4FD-94519F6542A5}"
EndProject
Project("{FAE04EC0-301F-11D3-BF4B-00C04F79EFBC}") = "MiBiblioteca.Application", "Core\MiBiblioteca.Application\MiBiblioteca.Application.csproj", "{72C38756-2579-415A-B9C6-C833652C8222}"
EndProject
Project("{2150E333-8FDC-42A3-9474-1A3956D46DE8}") = "Infrastructure", "Infrastructure", "{DFEE68D8-A7D0-1A41-506C-9B74AA9A7B7B}"
EndProject
Project("{FAE04EC0-301F-11D3-BF4B-00C04F79EFBC}") = "MiBiblioteca.Persistence", "Infrastructure\MiBiblioteca.Persistence\MiBiblioteca.Persistence.csproj", "{87E8F324-F16D-419F-AB87-CE6949F7C033}"
EndProject
Project("{2150E333-8FDC-42A3-9474-1A3956D46DE8}") = "Presentation", "Presentation", "{06CFFD70-14AA-A959-A3BA-1B15D094E3B1}"
EndProject
Project("{FAE04EC0-301F-11D3-BF4B-00C04F79EFBC}") = "MiBiblioteca.WebAPI", "Presentation\MiBiblioteca.WebAPI\MiBiblioteca.WebAPI.csproj", "{50BDCD6B-C35E-4AC3-B8C7-86666EB8A844}"
EndProject
Project("{FAE04EC0-301F-11D3-BF4B-00C04F79EFBC}") = "MiBiblioteca.Identity", "Infrastructure\MiBiblioteca.Identity\MiBiblioteca.Identity.csproj", "{FA711538-4828-4310-98E8-9FD2BC88BA4D}"
EndProject
Project("{2150E333-8FDC-42A3-9474-1A3956D46DE8}") = "Tests", "Tests", "{0AB3BF05-4346-4AA6-1389-037BE0695223}"
EndProject
Project("{FAE04EC0-301F-11D3-BF4B-00C04F79EFBC}") = "MiBiblioteca.UnitTests", "Tests\MiBiblioteca.UnitTests\MiBiblioteca.UnitTests.csproj", "{E0CD48C2-A516-439D-91D6-D6E0D5E0BBB9}"
EndProject
Project("{FAE04EC0-301F-11D3-BF4B-00C04F79EFBC}") = "MiBiblioteca.IntegrationTests", "Tests\MiBiblioteca.IntegrationTests\MiBiblioteca.IntegrationTests.csproj", "{148DB376-1237-4F2F-BADD-18C553DAE801}"
EndProject
Project("{FAE04EC0-301F-11D3-BF4B-00C04F79EFBC}") = "MiBiblioteca.ExternalServices", "Infrastructure\MiBiblioteca.ExternalServices\MiBiblioteca.ExternalServices.csproj", "{7DAB9F0F-DBC2-4D60-A7B1-32B0DC91627D}"
EndProject
Global
	GlobalSection(SolutionConfigurationPlatforms) = preSolution
		Debug|Any CPU = Debug|Any CPU
		Debug|x64 = Debug|x64
		Debug|x86 = Debug|x86
		Release|Any CPU = Release|Any CPU
		Release|x64 = Release|x64
		Release|x86 = Release|x86
	EndGlobalSection
	GlobalSection(ProjectConfigurationPlatforms) = postSolution
		{BE47127B-D09D-45CF-B4FD-94519F6542A5}.Debug|Any CPU.ActiveCfg = Debug|Any CPU
		{BE47127B-D09D-45CF-B4FD-94519F6542A5}.Debug|Any CPU.Build.0 = Debug|Any CPU
		{BE47127B-D09D-45CF-B4FD-94519F6542A5}.Debug|x64.ActiveCfg = Debug|Any CPU
		{BE47127B-D09D-45CF-B4FD-94519F6542A5}.Debug|x64.Build.0 = Debug|Any CPU
		{BE47127B-D09D-45CF-B4FD-94519F6542A5}.Debug|x86.ActiveCfg = Debug|Any CPU
		{BE47127B-D09D-45CF-B4FD-94519F6542A5}.Debug|x86.Build.0 = Debug|Any CPU
		{BE47127B-D09D-45CF-B4FD-94519F6542A5}.Release|Any CPU.ActiveCfg = Release|Any CPU
		{BE47127B-D09D-45CF-B4FD-94519F6542A5}.Release|Any CPU.Build.0 = Release|Any CPU
		{BE47127B-D09D-45CF-B4FD-94519F6542A5}.Release|x64.ActiveCfg = Release|Any CPU
		{BE47127B-D09D-45CF-B4FD-94519F6542A5}.Release|x64.Build.0 = Release|Any CPU
		{BE47127B-D09D-45CF-B4FD-94519F6542A5}.Release|x86.ActiveCfg = Release|Any CPU
		{BE47127B-D09D-45CF-B4FD-94519F6542A5}.Release|x86.Build.0 = Release|Any CPU
		{72C38756-2579-415A-B9C6-C833652C8222}.Debug|Any CPU.ActiveCfg = Debug|Any CPU
		{72C38756-2579-415A-B9C6-C833652C8222}.Debug|Any CPU.Build.0 = Debug|Any CPU
		{72C38756-2579-415A-B9C6-C833652C8222}.Debug|x64.ActiveCfg = Debug|Any CPU
		{72C38756-2579-415A-B9C6-C833652C8222}.Debug|x64.Build.0 = Debug|Any CPU
		{72C38756-2579-415A-B9C6-C833652C8222}.Debug|x86.ActiveCfg = Debug|Any CPU
		{72C38756-2579-415A-B9C6-C833652C8222}.Debug|x86.Build.0 = Debug|Any CPU
		{72C38756-2579-415A-B9C6-C833652C8222}.Release|Any CPU.ActiveCfg = Release|Any CPU
		{72C38756-2579-415A-B9C6-C833652C8222}.Release|Any CPU.Build.0 = Release|Any CPU
		{72C38756-2579-415A-B9C6-C833652C8222}.Release|x64.ActiveCfg = Release|Any CPU
		{72C38756-2579-415A-B9C6-C833652C8222}.Release|x64.Build.0 = Release|Any CPU
		{72C38756-2579-415A-B9C6-C833652C8222}.Release|x86.ActiveCfg = Release|Any CPU
		{72C38756-2579-415A-B9C6-C833652C8222}.Release|x86.Build.0 = Release|Any CPU
		{87E8F324-F16D-419F-AB87-CE6949F7C033}.Debug|Any CPU.ActiveCfg = Debug|Any CPU
		{87E8F324-F16D-419F-AB87-CE6949F7C033}.Debug|Any CPU.Build.0 = Debug|Any CPU
		{87E8F324-F16D-419F-AB87-CE6949F7C033}.Debug|x64.ActiveCfg = Debug|Any CPU
		{87E8F324-F16D-419F-AB87-CE6949F7C033}.Debug|x64.Build.0 = Debug|Any CPU
		{87E8F324-F16D-419F-AB87-CE6949F7C033}.Debug|x86.ActiveCfg = Debug|Any CPU
		{87E8F324-F16D-419F-AB87-CE6949F7C033}.Debug|x86.Build.0 = Debug|Any CPU
		{87E8F324-F16D-419F-AB87-CE6949F7C033}.Release|Any CPU.ActiveCfg = Release|Any CPU
		{87E8F324-F16D-419F-AB87-CE6949F7C033}.Release|Any CPU.Build.0 = Release|Any CPU
		{87E8F324-F16D-419F-AB87-CE6949F7C033}.Release|x64.ActiveCfg = Release|Any CPU
		{87E8F324-F16D-419F-AB87-CE6949F7C033}.Release|x64.Build.0 = Release|Any CPU
		{87E8F324-F16D-419F-AB87-CE6949F7C033}.Release|x86.ActiveCfg = Release|Any CPU
		{87E8F324-F16D-419F-AB87-CE6949F7C033}.Release|x86.Build.0 = Release|Any CPU
		{50BDCD6B-C35E-4AC3-B8C7-86666EB8A844}.Debug|Any CPU.ActiveCfg = Debug|Any CPU
		{50BDCD6B-C35E-4AC3-B8C7-86666EB8A844}.Debug|Any CPU.Build.0 = Debug|Any CPU
		{50BDCD6B-C35E-4AC3-B8C7-86666EB8A844}.Debug|x64.ActiveCfg = Debug|Any CPU
		{50BDCD6B-C35E-4AC3-B8C7-86666EB8A844}.Debug|x64.Build.0 = Debug|Any CPU
		{50BDCD6B-C35E-4AC3-B8C7-86666EB8A844}.Debug|x86.ActiveCfg = Debug|Any CPU
		{50BDCD6B-C35E-4AC3-B8C7-86666EB8A844}.Debug|x86.Build.0 = Debug|Any CPU
		{50BDCD6B-C35E-4AC3-B8C7-86666EB8A844}.Release|Any CPU.ActiveCfg = Release|Any CPU
		{50BDCD6B-C35E-4AC3-B8C7-86666EB8A844}.Release|Any CPU.Build.0 = Release|Any CPU
		{50BDCD6B-C35E-4AC3-B8C7-86666EB8A844}.Release|x64.ActiveCfg = Release|Any CPU
		{50BDCD6B-C35E-4AC3-B8C7-86666EB8A844}.Release|x64.Build.0 = Release|Any CPU
		{50BDCD6B-C35E-4AC3-B8C7-86666EB8A844}.Release|x86.ActiveCfg = Release|Any CPU
		{50BDCD6B-C35E-4AC3-B8C7-86666EB8A844}.Release|x86.Build.0 = Release|Any CPU
		{FA711538-4828-4310-98E8-9FD2BC88BA4D}.Debug|Any CPU.ActiveCfg = Debug|Any CPU
		{FA711538-4828-4310-98E8-9FD2BC88BA4D}.Debug|Any CPU.Build.0 = Debug|Any CPU
		{FA711538-4828-4310-98E8-9FD2BC88BA4D}.Debug|x64.ActiveCfg = Debug|Any CPU
		{FA711538-4828-4310-98E8-9FD2BC88BA4D}.Debug|x64.Build.0 = Debug|Any CPU
		{FA711538-4828-4310-98E8-9FD2BC88BA4D}.Debug|x86.ActiveCfg = Debug|Any CPU
		{FA711538-4828-4310-98E8-9FD2BC88BA4D}.Debug|x86.Build.0 = Debug|Any CPU
		{FA711538-4828-4310-98E8-9FD2BC88BA4D}.Release|Any CPU.ActiveCfg = Release|Any CPU
		{FA711538-4828-4310-98E8-9FD2BC88BA4D}.Release|Any CPU.Build.0 = Release|Any CPU
		{FA711538-4828-4310-98E8-9FD2BC88BA4D}.Release|x64.ActiveCfg = Release|Any CPU
		{FA711538-4828-4310-98E8-9FD2BC88BA4D}.Release|x64.Build.0 = Release|Any CPU
		{FA711538-4828-4310-98E8-9FD2BC88BA4D}.Release|x86.ActiveCfg = Release|Any CPU
		{FA711538-4828-4310-98E8-9FD2BC88BA4D}.Release|x86.Build.0 = Release|Any CPU
		{E0CD48C2-A516-439D-91D6-D6E0D5E0BBB9}.Debug|Any CPU.ActiveCfg = Debug|Any CPU
		{E0CD48C2-A516-439D-91D6-D6E0D5E0BBB9}.Debug|Any CPU.Build.0 = Debug|Any CPU
		{E0CD48C2-A516-439D-91D6-D6E0D5E0BBB9}.Debug|x64.ActiveCfg = Debug|Any CPU
		{E0CD48C2-A516-439D-91D6-D6E0D5E0BBB9}.Debug|x64.Build.0 = Debug|Any CPU
		{E0CD48C2-A516-439D-91D6-D6E0D5E0BBB9}.Debug|x86.ActiveCfg = Debug|Any CPU
		{E0CD48C2-A516-439D-91D6-D6E0D5E0BBB9}.Debug|x86.Build.0 = Debug|Any CPU
		{E0CD48C2-A516-439D-91D6-D6E0D5E0BBB9}.Release|Any CPU.ActiveCfg = Release|Any CPU
		{E0CD48C2-A516-439D-91D6-D6E0D5E0BBB9}.Release|Any CPU.Build.0 = Release|Any CPU
		{E0CD48C2-A516-439D-91D6-D6E0D5E0BBB9}.Release|x64.ActiveCfg = Release|Any CPU
		{E0CD48C2-A516-439D-91D6-D6E0D5E0BBB9}.Release|x64.Build.0 = Release|Any CPU
		{E0CD48C2-A516-439D-91D6-D6E0D5E0BBB9}.Release|x86.ActiveCfg = Release|Any CPU
		{E0CD48C2-A516-439D-91D6-D6E0D5E0BBB9}.Release|x86.Build.0 = Release|Any CPU
		{148DB376-1237-4F2F-BADD-18C553DAE801}.Debug|Any CPU.ActiveCfg = Debug|Any CPU
		{148DB376-1237-4F2F-BADD-18C553DAE801}.Debug|Any CPU.Build.0 = Debug|Any CPU
		{148DB376-1237-4F2F-BADD-18C553DAE801}.Debug|x64.ActiveCfg = Debug|Any CPU
		{148DB376-1237-4F2F-BADD-18C553DAE801}.Debug|x64.Build.0 = Debug|Any CPU
		{148DB376-1237-4F2F-BADD-18C553DAE801}.Debug|x86.ActiveCfg = Debug|Any CPU
		{148DB376-1237-4F2F-BADD-18C553DAE801}.Debug|x86.Build.0 = Debug|Any CPU
		{148DB376-1237-4F2F-BADD-18C553DAE801}.Release|Any CPU.ActiveCfg = Release|Any CPU
		{148DB376-1237-4F2F-BADD-18C553DAE801}.Release|Any CPU.Build.0 = Release|Any CPU
		{148DB376-1237-4F2F-BADD-18C553DAE801}.Release|x64.ActiveCfg = Release|Any CPU
		{148DB376-1237-4F2F-BADD-18C553DAE801}.Release|x64.Build.0 = Release|Any CPU
		{148DB376-1237-4F2F-BADD-18C553DAE801}.Release|x86.ActiveCfg = Release|Any CPU
		{148DB376-1237-4F2F-BADD-18C553DAE801}.Release|x86.Build.0 = Release|Any CPU
		{7DAB9F0F-DBC2-4D60-A7B1-32B0DC91627D}.Debug|Any CPU.ActiveCfg = Debug|Any CPU
		{7DAB9F0F-DBC2-4D60-A7B1-32B0DC91627D}.Debug|Any CPU.Build.0 = Debug|Any CPU
		{7DAB9F0F-DBC2-4D60-A7B1-32B0DC91627D}.Debug|x64.ActiveCfg = Debug|Any CPU
		{7DAB9F0F-DBC2-4D60-A7B1-32B0DC91627D}.Debug|x64.Build.0 = Debug|Any CPU
		{7DAB9F0F-DBC2-4D60-A7B1-32B0DC91627D}.Debug|x86.ActiveCfg = Debug|Any CPU
		{7DAB9F0F-DBC2-4D60-A7B1-32B0DC91627D}.Debug|x86.Build.0 = Debug|Any CPU
		{7DAB9F0F-DBC2-4D60-A7B1-32B0DC91627D}.Release|Any CPU.ActiveCfg = Release|Any CPU
		{7DAB9F0F-DBC2-4D60-A7B1-32B0DC91627D}.Release|Any CPU.Build.0 = Release|Any CPU
		{7DAB9F0F-DBC2-4D60-A7B1-32B0DC91627D}.Release|x64.ActiveCfg = Release|Any CPU
		{7DAB9F0F-DBC2-4D60-A7B1-32B0DC91627D}.Release|x64.Build.0 = Release|Any CPU
		{7DAB9F0F-DBC2-4D60-A7B1-32B0DC91627D}.Release|x86.ActiveCfg = Release|Any CPU
		{7DAB9F0F-DBC2-4D60-A7B1-32B0DC91627D}.Release|x86.Build.0 = Release|Any CPU
	EndGlobalSection
	GlobalSection(SolutionProperties) = preSolution
		HideSolutionNode = FALSE
	EndGlobalSection
	GlobalSection(NestedProjects) = preSolution
		{BE47127B-D09D-45CF-B4FD-94519F6542A5} = {FBF56CC3-7AE6-AD2D-3F14-7F97FD322CD6}
		{72C38756-2579-415A-B9C6-C833652C8222} = {FBF56CC3-7AE6-AD2D-3F14-7F97FD322CD6}
		{87E8F324-F16D-419F-AB87-CE6949F7C033} = {DFEE68D8-A7D0-1A41-506C-9B74AA9A7B7B}
		{50BDCD6B-C35E-4AC3-B8C7-86666EB8A844} = {06CFFD70-14AA-A959-A3BA-1B15D094E3B1}
		{FA711538-4828-4310-98E8-9FD2BC88BA4D} = {DFEE68D8-A7D0-1A41-506C-9B74AA9A7B7B}
		{E0CD48C2-A516-439D-91D6-D6E0D5E0BBB9} = {0AB3BF05-4346-4AA6-1389-037BE0695223}
		{148DB376-1237-4F2F-BADD-18C553DAE801} = {0AB3BF05-4346-4AA6-1389-037BE0695223}
		{7DAB9F0F-DBC2-4D60-A7B1-32B0DC91627D} = {DFEE68D8-A7D0-1A41-506C-9B74AA9A7B7B}
	EndGlobalSection
EndGlobal
